<Solution>
  <Folder Name="/01/">
    <Project Path="D:/Projects/logic-concept-SHB/logic-concept-SHB/IsTheNumberEvenOrNot/IsTheNumberEvenOrNot.csproj" Id="006a04a5-514f-4816-a0f5-27e877bd6f9c" />
  </Folder>
  <Folder Name="/02/">
    <Project Path="D:/Projects/logic-concept-SHB/logic-concept-SHB/HighNumber/HighNumber.csproj" Id="3706821f-def6-41f8-bb76-3f39a9de5a80" />
  </Folder>
  <Folder Name="/03/">
    <Project Path="D:/Projects/logic-concept-SHB/logic-concept-SHB/SortTrheeNumbers/SortTrheeNumbers.csproj" Id="8aa70311-4ec8-477a-b3ef-ed01c5446429" />
  </Folder>
  <Folder Name="/04/">
    <Project Path="D:/Projects/logic-concept-SHB/logic-concept-SHB/MultipleNumberOfAnother/MultipleNumberOfAnother.csproj" Id="0b192755-afd4-4d38-922e-1266d2844081" />
  </Folder>
  <Folder Name="/05/">
    <Project Path="D:/Projects/logic-concept-SHB/logic-concept-SHB/LeepYear/LeepYear.csproj" Id="2b05ea17-225b-47ea-a389-d890d8ce55dc" />
  </Folder>
  <Folder Name="/06/">
    <Project Path="D:/Projects/logic-concept-SHB/logic-concept-SHB/EasyPayRoll/EasyPayRoll.csproj" Id="c3522704-317d-4f2c-bda2-efae3dd20540" />
  </Folder>
  <Folder Name="/07/">
    <Project Path="D:/Projects/logic-concept-SHB/logic-concept-SHB/Discount/Discount.csproj" Id="b16ff63a-427e-4856-a2f3-433ad7ccf135" />
  </Folder>
  <Folder Name="/08/">
    <Project Path="D:/Projects/logic-concept-SHB/logic-concept-SHB/Value/Value.csproj" Id="7d4142e5-d2ce-45a1-966f-06df98d22635" />
  </Folder>
  <Folder Name="/09/">
    <Project Path="D:/Projects/logic-concept-SHB/logic-concept-SHB/ShippingOfGoods/ShippingOfGoods.csproj" Id="3621149c-60a5-4163-8f0f-46466faf9854" />
  </Folder>
  <Folder Name="/Share/">
    <Project Path="D:/Projects/logic-concept-SHB/logic-concept-SHB/Shares/Share.csproj" Id="7764faa6-86af-429e-b30a-50482f2254dd" />
  </Folder>
</Solution>
